
Microsoft Visual Studio Solution File, Format Version 12.00
# Visual Studio Version 16
VisualStudioVersion = 16.0.29411.108
MinimumVisualStudioVersion = 10.0.40219.1
Project("{FAE04EC0-301F-11D3-BF4B-00C04F79EFBC}") = "SampleAutoMotive", "SampleAutoMotive\SampleAutoMotive.csproj", "{EAAECE34-D112-484E-ADA4-60F58515A639}"
EndProject
Project("{FAE04EC0-301F-11D3-BF4B-00C04F79EFBC}") = "SampleAutoMotive.Data", "SampleAutoMotive.Data\SampleAutoMotive.Data.csproj", "{ADEEBFFE-356C-436B-AC79-5F5A765917E0}"
EndProject
Project("{FAE04EC0-301F-11D3-BF4B-00C04F79EFBC}") = "SampleAutoMotive.Business", "SampleAutoMotive.Business\SampleAutoMotive.Business.csproj", "{661CEDB5-5B5B-42D0-B757-070D2DE6477A}"
EndProject
Project("{FAE04EC0-301F-11D3-BF4B-00C04F79EFBC}") = "SampleAutoMotive.Model", "SampleAutoMotive.Model\SampleAutoMotive.Model.csproj", "{9BD3DF60-0305-494C-8BE1-453657018C02}"
EndProject
Global
	GlobalSection(SolutionConfigurationPlatforms) = preSolution
		Debug|Any CPU = Debug|Any CPU
		Release|Any CPU = Release|Any CPU
	EndGlobalSection
	GlobalSection(ProjectConfigurationPlatforms) = postSolution
		{EAAECE34-D112-484E-ADA4-60F58515A639}.Debug|Any CPU.ActiveCfg = Debug|Any CPU
		{EAAECE34-D112-484E-ADA4-60F58515A639}.Debug|Any CPU.Build.0 = Debug|Any CPU
		{EAAECE34-D112-484E-ADA4-60F58515A639}.Release|Any CPU.ActiveCfg = Release|Any CPU
		{EAAECE34-D112-484E-ADA4-60F58515A639}.Release|Any CPU.Build.0 = Release|Any CPU
		{ADEEBFFE-356C-436B-AC79-5F5A765917E0}.Debug|Any CPU.ActiveCfg = Debug|Any CPU
		{ADEEBFFE-356C-436B-AC79-5F5A765917E0}.Debug|Any CPU.Build.0 = Debug|Any CPU
		{ADEEBFFE-356C-436B-AC79-5F5A765917E0}.Release|Any CPU.ActiveCfg = Release|Any CPU
		{ADEEBFFE-356C-436B-AC79-5F5A765917E0}.Release|Any CPU.Build.0 = Release|Any CPU
		{661CEDB5-5B5B-42D0-B757-070D2DE6477A}.Debug|Any CPU.ActiveCfg = Debug|Any CPU
		{661CEDB5-5B5B-42D0-B757-070D2DE6477A}.Debug|Any CPU.Build.0 = Debug|Any CPU
		{661CEDB5-5B5B-42D0-B757-070D2DE6477A}.Release|Any CPU.ActiveCfg = Release|Any CPU
		{661CEDB5-5B5B-42D0-B757-070D2DE6477A}.Release|Any CPU.Build.0 = Release|Any CPU
		{9BD3DF60-0305-494C-8BE1-453657018C02}.Debug|Any CPU.ActiveCfg = Debug|Any CPU
		{9BD3DF60-0305-494C-8BE1-453657018C02}.Debug|Any CPU.Build.0 = Debug|Any CPU
		{9BD3DF60-0305-494C-8BE1-453657018C02}.Release|Any CPU.ActiveCfg = Release|Any CPU
		{9BD3DF60-0305-494C-8BE1-453657018C02}.Release|Any CPU.Build.0 = Release|Any CPU
	EndGlobalSection
	GlobalSection(SolutionProperties) = preSolution
		HideSolutionNode = FALSE
	EndGlobalSection
	GlobalSection(ExtensibilityGlobals) = postSolution
		SolutionGuid = {F1894CB3-5798-4183-9CD2-84A8C62C6D95}
	EndGlobalSection
EndGlobal
